Microsoft Visual Studio Solution File, Format Version 12.00
# Visual Studio Version 17
VisualStudioVersion = 17.8.34525.116
MinimumVisualStudioVersion = 10.0.40219.1
Project("{9A19103F-16F7-4668-BE54-9A1E7A4F7556}") = "AuthService.Domain", "src\AuthService\AuthService.Domain\AuthService.Domain.csproj", "{421722D4-B183-4470-9E5E-E5D6994FB750}"
EndProject
Project("{9A19103F-16F7-4668-BE54-9A1E7A4F7556}") = "AuthService.Application", "src\AuthService\AuthService.Application\AuthService.Application.csproj", "{0E4C625A-BECE-4B33-B8BE-436D915407D8}"
EndProject
Project("{9A19103F-16F7-4668-BE54-9A1E7A4F7556}") = "AuthService.Infrastructure", "src\AuthService\AuthService.Infrastructure\AuthService.Infrastructure.csproj", "{D2CCA768-4BE7-4F3E-8013-3E4DCD9390B2}"
EndProject
Project("{9A19103F-16F7-4668-BE54-9A1E7A4F7556}") = "AuthService.Infrastructure.UnitTests", "tests\AuthService\AuthService.Infrastructure.UnitTests\AuthService.Infrastructure.UnitTests.csproj", "{7096B800-B253-4051-921D-723D6CDB9116}"
EndProject
Project("{2150E333-8FDC-42A3-9474-1A3956D46DE8}") = "src", "src", "{3E9A59FB-E8A5-416F-A3E4-FDF8DF703C65}"
EndProject
Project("{2150E333-8FDC-42A3-9474-1A3956D46DE8}") = "tests", "tests", "{037FE616-C76C-4ED0-8AFF-ECAEA834E4EA}"
EndProject
Project("{9A19103F-16F7-4668-BE54-9A1E7A4F7556}") = "AuthService.Application.UnitTests", "tests\AuthService\AuthService.Application.UnitTests\AuthService.Application.UnitTests.csproj", "{7A8A147F-6B7F-44FF-853A-C776DF970176}"
EndProject
Project("{9A19103F-16F7-4668-BE54-9A1E7A4F7556}") = "AuthService.Infrastructure.IntegrationTests", "tests\AuthService\AuthService.Infrastructure.IntegrationTests\AuthService.Infrastructure.IntegrationTests.csproj", "{33DE521D-FC0F-4200-9961-CDA9636E0EF7}"
EndProject
Project("{2150E333-8FDC-42A3-9474-1A3956D46DE8}") = "StatisticsCollector", "StatisticsCollector", "{2634D020-7EF3-4229-8150-9BFBCDC70B78}"
EndProject
Project("{2150E333-8FDC-42A3-9474-1A3956D46DE8}") = "NotificationProvider", "NotificationProvider", "{CBAAB76C-F9A5-4131-AF75-98D6C03E99A7}"
EndProject
Project("{2150E333-8FDC-42A3-9474-1A3956D46DE8}") = "ArticleManager", "ArticleManager", "{50D58E82-2B5F-4370-9A60-6C7228FCBFA0}"
EndProject
Project("{2150E333-8FDC-42A3-9474-1A3956D46DE8}") = "AuthService", "AuthService", "{2006B6D6-B75B-4910-B168-F59F16822739}"
EndProject
Project("{2150E333-8FDC-42A3-9474-1A3956D46DE8}") = "PostManager", "PostManager", "{CE5F1AB7-F18F-4DDC-B042-C2A8D2A7EEC4}"
EndProject
Project("{2150E333-8FDC-42A3-9474-1A3956D46DE8}") = "EventBus", "EventBus", "{9BD81EEE-15EF-40AC-9013-99A72378E1D8}"
EndProject
Project("{2150E333-8FDC-42A3-9474-1A3956D46DE8}") = "ApiGateway", "ApiGateway", "{15CE5C6D-4453-4EA2-BD2A-9B2A60BFC9A7}"
EndProject
Project("{2150E333-8FDC-42A3-9474-1A3956D46DE8}") = "AuthService", "AuthService", "{0A857946-CC48-49EB-8E67-107B98053DED}"
EndProject
Project("{9A19103F-16F7-4668-BE54-9A1E7A4F7556}") = "NotificationProvider.API", "src\NotificationProvider\NotificationProvider.API\NotificationProvider.API.csproj", "{F2A27F40-1D12-40F0-A56E-18523FAFD580}"
EndProject
Project("{9A19103F-16F7-4668-BE54-9A1E7A4F7556}") = "NotificationProvider.Application", "src\NotificationProvider\NotificationProvider.Application\NotificationProvider.Application.csproj", "{B2D12094-4C32-4BCE-B09D-8E8723027689}"
EndProject
Project("{9A19103F-16F7-4668-BE54-9A1E7A4F7556}") = "NotificationProvider.Domain", "src\NotificationProvider\NotificationProvider.Domain\NotificationProvider.Domain.csproj", "{8CB4C780-9B78-4AFA-98DF-D64B8AD982CC}"
EndProject
Project("{9A19103F-16F7-4668-BE54-9A1E7A4F7556}") = "NotificationProvider.Infrastructure", "src\NotificationProvider\NotificationProvider.Infrastructure\NotificationProvider.Infrastructure.csproj", "{6DA186B9-BE84-4CA0-A97E-4FBA1837DB70}"
EndProject
Project("{9A19103F-16F7-4668-BE54-9A1E7A4F7556}") = "EventBus.Domain", "src\EventBus\EventBus.Domain\EventBus.Domain.csproj", "{91D33F60-0792-419C-9388-3E0631756DF8}"
EndProject
Project("{9A19103F-16F7-4668-BE54-9A1E7A4F7556}") = "EventBus.Infrastructure", "src\EventBus\EventBus.Infrastructure\EventBus.Infrastructure.csproj", "{D72204CE-C805-4B5B-B715-C7286F1D6379}"
EndProject
Project("{9A19103F-16F7-4668-BE54-9A1E7A4F7556}") = "EventBus.Application", "src\EventBus\EventBus.Application\EventBus.Application.csproj", "{95400281-DA7D-4F36-9A69-059A159C445F}"
EndProject
Project("{9A19103F-16F7-4668-BE54-9A1E7A4F7556}") = "EventBus.API", "src\EventBus\EventBus.API\EventBus.API.csproj", "{0A4148AA-D247-45CF-83D6-64388DDDCD3B}"
EndProject
Project("{9A19103F-16F7-4668-BE54-9A1E7A4F7556}") = "StatisticsCollector.API", "src\StatisticsCollector\StatisticsCollector.API\StatisticsCollector.API.csproj", "{B0AD05DA-4DB0-4F8A-8C33-9C0777813716}"
EndProject
Project("{9A19103F-16F7-4668-BE54-9A1E7A4F7556}") = "StatisticsCollector.Infrastructure", "src\StatisticsCollector\StatisticsCollector.Infrastructure\StatisticsCollector.Infrastructure.csproj", "{AE1C54CB-E46D-492B-AD3E-782189F34681}"
EndProject
Project("{9A19103F-16F7-4668-BE54-9A1E7A4F7556}") = "StatisticsCollector.Domain", "src\StatisticsCollector\StatisticsCollector.Domain\StatisticsCollector.Domain.csproj", "{368BD4FA-AC32-4E55-BE84-69C248FBF21A}"
EndProject
Project("{9A19103F-16F7-4668-BE54-9A1E7A4F7556}") = "StatisticsCollector.Application", "src\StatisticsCollector\StatisticsCollector.Application\StatisticsCollector.Application.csproj", "{15C3B272-09B9-4CB8-8124-0868B0F28CBA}"
EndProject
Project("{9A19103F-16F7-4668-BE54-9A1E7A4F7556}") = "StatisticsCollector.Application.UnitTests", "tests\StatisticsCollector\StatisticsCollector.Application.UnitTests\StatisticsCollector.Application.UnitTests.csproj", "{9BFA17CD-400F-48F2-9CAE-79FD32AC9306}"
EndProject
Project("{2150E333-8FDC-42A3-9474-1A3956D46DE8}") = "StatisticsCollector", "StatisticsCollector", "{25D27EF3-5420-4826-A584-9694DF9B8C3D}"
EndProject
Project("{9A19103F-16F7-4668-BE54-9A1E7A4F7556}") = "ArticleManager.API", "src\ArticleManager\ArticleManager.API\ArticleManager.API.csproj", "{42DD6895-90CC-472E-A212-BBCCFE68B6DB}"
EndProject
Project("{9A19103F-16F7-4668-BE54-9A1E7A4F7556}") = "ArticleManager.Application", "src\ArticleManager\ArticleManager.Application\ArticleManager.Application.csproj", "{19FAD6E7-594A-4C51-9BE1-73587DE68136}"
EndProject
Project("{9A19103F-16F7-4668-BE54-9A1E7A4F7556}") = "ArticleManager.Domain", "src\ArticleManager\ArticleManager.Domain\ArticleManager.Domain.csproj", "{341057A1-3F92-4814-A72D-8AFFFE3209DB}"
EndProject
Project("{9A19103F-16F7-4668-BE54-9A1E7A4F7556}") = "ArticleManager.Infrastructure", "src\ArticleManager\ArticleManager.Infrastructure\ArticleManager.Infrastructure.csproj", "{B2FF88D4-8375-4DF4-9CD1-30E3F376EC9D}"
EndProject
Project("{9A19103F-16F7-4668-BE54-9A1E7A4F7556}") = "PostManager.API", "src\PostManager\PostManager.API\PostManager.API.csproj", "{C2495C03-4A31-436E-A4F7-E299CA76FD6C}"
EndProject
Project("{9A19103F-16F7-4668-BE54-9A1E7A4F7556}") = "PostManager.Domain", "src\PostManager\PostManager.Domain\PostManager.Domain.csproj", "{76F66784-4D5A-4C15-ADAE-FD0E4BDA7558}"
EndProject
Project("{9A19103F-16F7-4668-BE54-9A1E7A4F7556}") = "PostManager.Application", "src\PostManager\PostManager.Application\PostManager.Application.csproj", "{17FACA85-1767-4541-ABA5-D5F6B2847D23}"
EndProject
Project("{9A19103F-16F7-4668-BE54-9A1E7A4F7556}") = "PostManager.Infrastructure", "src\PostManager\PostManager.Infrastructure\PostManager.Infrastructure.csproj", "{A8221087-DF6A-4792-A318-77ADD1C4427E}"
EndProject
Project("{2150E333-8FDC-42A3-9474-1A3956D46DE8}") = "PostManager", "PostManager", "{D72E8596-E06F-4B20-9657-B84E36732DA6}"
EndProject
Project("{9A19103F-16F7-4668-BE54-9A1E7A4F7556}") = "PostManager.Infrastructure.UnitTests", "tests\PostManager\PostManager.Infrastructure.UnitTests\PostManager.Infrastructure.UnitTests.csproj", "{8EFBFD00-9E4A-4BDE-BA2B-B080F902877E}"
EndProject
Project("{2150E333-8FDC-42A3-9474-1A3956D46DE8}") = "ArticleManager", "ArticleManager", "{DDF02C35-A40A-401B-A48E-22469ACEA322}"
EndProject
Project("{9A19103F-16F7-4668-BE54-9A1E7A4F7556}") = "ArticleManager.Infrastructure.UnitTests", "tests\ArticleManager\ArticleManager.Infrastructure.UnitTests\ArticleManager.Infrastructure.UnitTests.csproj", "{61FD8703-A065-4F6C-AA2E-9A58F7EDAF9A}"
EndProject
Project("{9A19103F-16F7-4668-BE54-9A1E7A4F7556}") = "PostManager.Infrastructure.IntegrationTests", "tests\PostManager\PostManager.Infrastructure.IntegrationTests\PostManager.Infrastructure.IntegrationTests.csproj", "{35B74BE8-E381-41B7-97AE-77A228F256CB}"
EndProject
Project("{9A19103F-16F7-4668-BE54-9A1E7A4F7556}") = "ArticleManager.Infrastructure.IntegrationTests", "tests\ArticleManager\ArticleManager.Infrastructure.IntegrationTests\ArticleManager.Infrastructure.IntegrationTests.csproj", "{56CE0995-3947-4619-B075-08800FDF6207}"
EndProject
Project("{9A19103F-16F7-4668-BE54-9A1E7A4F7556}") = "ArticleManager.Application.UnitTests", "tests\ArticleManager\ArticleManager.Application.UnitTests\ArticleManager.Application.UnitTests.csproj", "{93EE5DF7-3442-49E2-BC9C-5F4EE87C20A5}"
EndProject
Project("{9A19103F-16F7-4668-BE54-9A1E7A4F7556}") = "PostManager.Application.UnitTests", "tests\PostManager\PostManager.Application.UnitTests\PostManager.Application.UnitTests.csproj", "{CB40300F-76B7-4413-BC2E-1522FB3DC7D6}"
EndProject
Project("{9A19103F-16F7-4668-BE54-9A1E7A4F7556}") = "ApiGateway.API", "src\ApiGateway\ApiGateway.API\ApiGateway.API.csproj", "{2CE22BAE-A9AD-4ED5-9A5E-606E470BEADD}"
EndProject
Project("{9A19103F-16F7-4668-BE54-9A1E7A4F7556}") = "ApiGateway.Domain", "src\ApiGateway\ApiGateway.Domain\ApiGateway.Domain.csproj", "{11CE0EE4-C0B2-4878-863D-07A92882C97A}"
EndProject
Project("{9A19103F-16F7-4668-BE54-9A1E7A4F7556}") = "ApiGateway.Application", "src\ApiGateway\ApiGateway.Application\ApiGateway.Application.csproj", "{F84CBDB9-5136-4C72-928B-717E9C9B3B7E}"
EndProject
Project("{9A19103F-16F7-4668-BE54-9A1E7A4F7556}") = "ApiGateway.Infrastructure", "src\ApiGateway\ApiGateway.Infrastructure\ApiGateway.Infrastructure.csproj", "{9EA7778B-E5FA-4959-B740-51A2EAB63A83}"
EndProject
Project("{2150E333-8FDC-42A3-9474-1A3956D46DE8}") = "ApiGateway", "ApiGateway", "{D418397E-6C87-4CE9-906A-ADEBD7307AC3}"
EndProject
Project("{9A19103F-16F7-4668-BE54-9A1E7A4F7556}") = "ApiGateway.Application.UnitTests", "tests\ApiGateway\ApiGateway.Application.UnitTests\ApiGateway.Application.UnitTests.csproj", "{E58A04E1-589C-4933-B613-60ED2C2EA1FA}"
EndProject
Project("{9A19103F-16F7-4668-BE54-9A1E7A4F7556}") = "AuthService.API", "src\AuthService\AuthService.API\AuthService.API.csproj", "{F349FCFE-4ED6-4218-8C33-CD78C64EC8CA}"
EndProject
Project("{2150E333-8FDC-42A3-9474-1A3956D46DE8}") = "WebUI", "WebUI", "{E4F396CC-218D-4F4E-9ACB-5D8485B03501}"
EndProject
Project("{2150E333-8FDC-42A3-9474-1A3956D46DE8}") = "Shared", "Shared", "{B5D11560-FB38-4D5F-9E80-56D6632E5A8B}"
EndProject
Project("{9A19103F-16F7-4668-BE54-9A1E7A4F7556}") = "Shared.Application", "src\Shared\Shared.Application\Shared.Application.csproj", "{5248DA09-C0FD-48A3-A086-6D04FCB14FBF}"
EndProject
Project("{9A19103F-16F7-4668-BE54-9A1E7A4F7556}") = "Shared.Domain", "src\Shared\Shared.Domain\Shared.Domain.csproj", "{97959223-540C-4DBB-B827-65CE93579CB8}"
EndProject
Project("{2150E333-8FDC-42A3-9474-1A3956D46DE8}") = "Shared", "Shared", "{C85D6514-11D1-493C-BB46-1BA370BBE87E}"
EndProject
Project("{FAE04EC0-301F-11D3-BF4B-00C04F79EFBC}") = "Shared.Application.UnitTests", "tests\Shared\Shared.Application.UnitTests\Shared.Application.UnitTests.csproj", "{F842CC73-4EED-4673-9715-3D2696BC6BEC}"
EndProject
Project("{FAE04EC0-301F-11D3-BF4B-00C04F79EFBC}") = "WebUserInterface", "src\WebUI\WebUserInterface\WebUserInterface.csproj", "{BAD68C03-4E6F-4BBB-B5A4-19878BB4227C}"
EndProject
Project("{FAE04EC0-301F-11D3-BF4B-00C04F79EFBC}") = "WebUserInterface.Components", "WebUI\WebUserInterface.Components\WebUserInterface.Components.csproj", "{A0D9F78F-FA71-4EED-9C92-2CBB10DCBD76}"
EndProject
Global
	GlobalSection(SolutionConfigurationPlatforms) = preSolution
		Debug|Any CPU = Debug|Any CPU
		Release|Any CPU = Release|Any CPU
	EndGlobalSection
	GlobalSection(ProjectConfigurationPlatforms) = postSolution
		{421722D4-B183-4470-9E5E-E5D6994FB750}.Debug|Any CPU.ActiveCfg = Debug|Any CPU
		{421722D4-B183-4470-9E5E-E5D6994FB750}.Debug|Any CPU.Build.0 = Debug|Any CPU
		{421722D4-B183-4470-9E5E-E5D6994FB750}.Release|Any CPU.ActiveCfg = Release|Any CPU
		{421722D4-B183-4470-9E5E-E5D6994FB750}.Release|Any CPU.Build.0 = Release|Any CPU
		{0E4C625A-BECE-4B33-B8BE-436D915407D8}.Debug|Any CPU.ActiveCfg = Debug|Any CPU
		{0E4C625A-BECE-4B33-B8BE-436D915407D8}.Debug|Any CPU.Build.0 = Debug|Any CPU
		{0E4C625A-BECE-4B33-B8BE-436D915407D8}.Release|Any CPU.ActiveCfg = Release|Any CPU
		{0E4C625A-BECE-4B33-B8BE-436D915407D8}.Release|Any CPU.Build.0 = Release|Any CPU
		{D2CCA768-4BE7-4F3E-8013-3E4DCD9390B2}.Debug|Any CPU.ActiveCfg = Debug|Any CPU
		{D2CCA768-4BE7-4F3E-8013-3E4DCD9390B2}.Debug|Any CPU.Build.0 = Debug|Any CPU
		{D2CCA768-4BE7-4F3E-8013-3E4DCD9390B2}.Release|Any CPU.ActiveCfg = Release|Any CPU
		{D2CCA768-4BE7-4F3E-8013-3E4DCD9390B2}.Release|Any CPU.Build.0 = Release|Any CPU
		{7096B800-B253-4051-921D-723D6CDB9116}.Debug|Any CPU.ActiveCfg = Debug|Any CPU
		{7096B800-B253-4051-921D-723D6CDB9116}.Debug|Any CPU.Build.0 = Debug|Any CPU
		{7096B800-B253-4051-921D-723D6CDB9116}.Release|Any CPU.ActiveCfg = Release|Any CPU
		{7096B800-B253-4051-921D-723D6CDB9116}.Release|Any CPU.Build.0 = Release|Any CPU
		{7A8A147F-6B7F-44FF-853A-C776DF970176}.Debug|Any CPU.ActiveCfg = Debug|Any CPU
		{7A8A147F-6B7F-44FF-853A-C776DF970176}.Debug|Any CPU.Build.0 = Debug|Any CPU
		{7A8A147F-6B7F-44FF-853A-C776DF970176}.Release|Any CPU.ActiveCfg = Release|Any CPU
		{7A8A147F-6B7F-44FF-853A-C776DF970176}.Release|Any CPU.Build.0 = Release|Any CPU
		{33DE521D-FC0F-4200-9961-CDA9636E0EF7}.Debug|Any CPU.ActiveCfg = Debug|Any CPU
		{33DE521D-FC0F-4200-9961-CDA9636E0EF7}.Debug|Any CPU.Build.0 = Debug|Any CPU
		{33DE521D-FC0F-4200-9961-CDA9636E0EF7}.Release|Any CPU.ActiveCfg = Release|Any CPU
		{33DE521D-FC0F-4200-9961-CDA9636E0EF7}.Release|Any CPU.Build.0 = Release|Any CPU
		{F2A27F40-1D12-40F0-A56E-18523FAFD580}.Debug|Any CPU.ActiveCfg = Debug|Any CPU
		{F2A27F40-1D12-40F0-A56E-18523FAFD580}.Debug|Any CPU.Build.0 = Debug|Any CPU
		{F2A27F40-1D12-40F0-A56E-18523FAFD580}.Release|Any CPU.ActiveCfg = Release|Any CPU
		{F2A27F40-1D12-40F0-A56E-18523FAFD580}.Release|Any CPU.Build.0 = Release|Any CPU
		{B2D12094-4C32-4BCE-B09D-8E8723027689}.Debug|Any CPU.ActiveCfg = Debug|Any CPU
		{B2D12094-4C32-4BCE-B09D-8E8723027689}.Debug|Any CPU.Build.0 = Debug|Any CPU
		{B2D12094-4C32-4BCE-B09D-8E8723027689}.Release|Any CPU.ActiveCfg = Release|Any CPU
		{B2D12094-4C32-4BCE-B09D-8E8723027689}.Release|Any CPU.Build.0 = Release|Any CPU
		{8CB4C780-9B78-4AFA-98DF-D64B8AD982CC}.Debug|Any CPU.ActiveCfg = Debug|Any CPU
		{8CB4C780-9B78-4AFA-98DF-D64B8AD982CC}.Debug|Any CPU.Build.0 = Debug|Any CPU
		{8CB4C780-9B78-4AFA-98DF-D64B8AD982CC}.Release|Any CPU.ActiveCfg = Release|Any CPU
		{8CB4C780-9B78-4AFA-98DF-D64B8AD982CC}.Release|Any CPU.Build.0 = Release|Any CPU
		{6DA186B9-BE84-4CA0-A97E-4FBA1837DB70}.Debug|Any CPU.ActiveCfg = Debug|Any CPU
		{6DA186B9-BE84-4CA0-A97E-4FBA1837DB70}.Debug|Any CPU.Build.0 = Debug|Any CPU
		{6DA186B9-BE84-4CA0-A97E-4FBA1837DB70}.Release|Any CPU.ActiveCfg = Release|Any CPU
		{6DA186B9-BE84-4CA0-A97E-4FBA1837DB70}.Release|Any CPU.Build.0 = Release|Any CPU
		{91D33F60-0792-419C-9388-3E0631756DF8}.Debug|Any CPU.ActiveCfg = Debug|Any CPU
		{91D33F60-0792-419C-9388-3E0631756DF8}.Debug|Any CPU.Build.0 = Debug|Any CPU
		{91D33F60-0792-419C-9388-3E0631756DF8}.Release|Any CPU.ActiveCfg = Release|Any CPU
		{91D33F60-0792-419C-9388-3E0631756DF8}.Release|Any CPU.Build.0 = Release|Any CPU
		{D72204CE-C805-4B5B-B715-C7286F1D6379}.Debug|Any CPU.ActiveCfg = Debug|Any CPU
		{D72204CE-C805-4B5B-B715-C7286F1D6379}.Debug|Any CPU.Build.0 = Debug|Any CPU
		{D72204CE-C805-4B5B-B715-C7286F1D6379}.Release|Any CPU.ActiveCfg = Release|Any CPU
		{D72204CE-C805-4B5B-B715-C7286F1D6379}.Release|Any CPU.Build.0 = Release|Any CPU
		{95400281-DA7D-4F36-9A69-059A159C445F}.Debug|Any CPU.ActiveCfg = Debug|Any CPU
		{95400281-DA7D-4F36-9A69-059A159C445F}.Debug|Any CPU.Build.0 = Debug|Any CPU
		{95400281-DA7D-4F36-9A69-059A159C445F}.Release|Any CPU.ActiveCfg = Release|Any CPU
		{95400281-DA7D-4F36-9A69-059A159C445F}.Release|Any CPU.Build.0 = Release|Any CPU
		{0A4148AA-D247-45CF-83D6-64388DDDCD3B}.Debug|Any CPU.ActiveCfg = Debug|Any CPU
		{0A4148AA-D247-45CF-83D6-64388DDDCD3B}.Debug|Any CPU.Build.0 = Debug|Any CPU
		{0A4148AA-D247-45CF-83D6-64388DDDCD3B}.Release|Any CPU.ActiveCfg = Release|Any CPU
		{0A4148AA-D247-45CF-83D6-64388DDDCD3B}.Release|Any CPU.Build.0 = Release|Any CPU
		{B0AD05DA-4DB0-4F8A-8C33-9C0777813716}.Debug|Any CPU.ActiveCfg = Debug|Any CPU
		{B0AD05DA-4DB0-4F8A-8C33-9C0777813716}.Debug|Any CPU.Build.0 = Debug|Any CPU
		{B0AD05DA-4DB0-4F8A-8C33-9C0777813716}.Release|Any CPU.ActiveCfg = Release|Any CPU
		{B0AD05DA-4DB0-4F8A-8C33-9C0777813716}.Release|Any CPU.Build.0 = Release|Any CPU
		{AE1C54CB-E46D-492B-AD3E-782189F34681}.Debug|Any CPU.ActiveCfg = Debug|Any CPU
		{AE1C54CB-E46D-492B-AD3E-782189F34681}.Debug|Any CPU.Build.0 = Debug|Any CPU
		{AE1C54CB-E46D-492B-AD3E-782189F34681}.Release|Any CPU.ActiveCfg = Release|Any CPU
		{AE1C54CB-E46D-492B-AD3E-782189F34681}.Release|Any CPU.Build.0 = Release|Any CPU
		{368BD4FA-AC32-4E55-BE84-69C248FBF21A}.Debug|Any CPU.ActiveCfg = Debug|Any CPU
		{368BD4FA-AC32-4E55-BE84-69C248FBF21A}.Debug|Any CPU.Build.0 = Debug|Any CPU
		{368BD4FA-AC32-4E55-BE84-69C248FBF21A}.Release|Any CPU.ActiveCfg = Release|Any CPU
		{368BD4FA-AC32-4E55-BE84-69C248FBF21A}.Release|Any CPU.Build.0 = Release|Any CPU
		{15C3B272-09B9-4CB8-8124-0868B0F28CBA}.Debug|Any CPU.ActiveCfg = Debug|Any CPU
		{15C3B272-09B9-4CB8-8124-0868B0F28CBA}.Debug|Any CPU.Build.0 = Debug|Any CPU
		{15C3B272-09B9-4CB8-8124-0868B0F28CBA}.Release|Any CPU.ActiveCfg = Release|Any CPU
		{15C3B272-09B9-4CB8-8124-0868B0F28CBA}.Release|Any CPU.Build.0 = Release|Any CPU
		{9BFA17CD-400F-48F2-9CAE-79FD32AC9306}.Debug|Any CPU.ActiveCfg = Debug|Any CPU
		{9BFA17CD-400F-48F2-9CAE-79FD32AC9306}.Debug|Any CPU.Build.0 = Debug|Any CPU
		{9BFA17CD-400F-48F2-9CAE-79FD32AC9306}.Release|Any CPU.ActiveCfg = Release|Any CPU
		{9BFA17CD-400F-48F2-9CAE-79FD32AC9306}.Release|Any CPU.Build.0 = Release|Any CPU
		{42DD6895-90CC-472E-A212-BBCCFE68B6DB}.Debug|Any CPU.ActiveCfg = Debug|Any CPU
		{42DD6895-90CC-472E-A212-BBCCFE68B6DB}.Debug|Any CPU.Build.0 = Debug|Any CPU
		{42DD6895-90CC-472E-A212-BBCCFE68B6DB}.Release|Any CPU.ActiveCfg = Release|Any CPU
		{42DD6895-90CC-472E-A212-BBCCFE68B6DB}.Release|Any CPU.Build.0 = Release|Any CPU
		{19FAD6E7-594A-4C51-9BE1-73587DE68136}.Debug|Any CPU.ActiveCfg = Debug|Any CPU
		{19FAD6E7-594A-4C51-9BE1-73587DE68136}.Debug|Any CPU.Build.0 = Debug|Any CPU
		{19FAD6E7-594A-4C51-9BE1-73587DE68136}.Release|Any CPU.ActiveCfg = Release|Any CPU
		{19FAD6E7-594A-4C51-9BE1-73587DE68136}.Release|Any CPU.Build.0 = Release|Any CPU
		{341057A1-3F92-4814-A72D-8AFFFE3209DB}.Debug|Any CPU.ActiveCfg = Debug|Any CPU
		{341057A1-3F92-4814-A72D-8AFFFE3209DB}.Debug|Any CPU.Build.0 = Debug|Any CPU
		{341057A1-3F92-4814-A72D-8AFFFE3209DB}.Release|Any CPU.ActiveCfg = Release|Any CPU
		{341057A1-3F92-4814-A72D-8AFFFE3209DB}.Release|Any CPU.Build.0 = Release|Any CPU
		{B2FF88D4-8375-4DF4-9CD1-30E3F376EC9D}.Debug|Any CPU.ActiveCfg = Debug|Any CPU
		{B2FF88D4-8375-4DF4-9CD1-30E3F376EC9D}.Debug|Any CPU.Build.0 = Debug|Any CPU
		{B2FF88D4-8375-4DF4-9CD1-30E3F376EC9D}.Release|Any CPU.ActiveCfg = Release|Any CPU
		{B2FF88D4-8375-4DF4-9CD1-30E3F376EC9D}.Release|Any CPU.Build.0 = Release|Any CPU
		{C2495C03-4A31-436E-A4F7-E299CA76FD6C}.Debug|Any CPU.ActiveCfg = Debug|Any CPU
		{C2495C03-4A31-436E-A4F7-E299CA76FD6C}.Debug|Any CPU.Build.0 = Debug|Any CPU
		{C2495C03-4A31-436E-A4F7-E299CA76FD6C}.Release|Any CPU.ActiveCfg = Release|Any CPU
		{C2495C03-4A31-436E-A4F7-E299CA76FD6C}.Release|Any CPU.Build.0 = Release|Any CPU
		{76F66784-4D5A-4C15-ADAE-FD0E4BDA7558}.Debug|Any CPU.ActiveCfg = Debug|Any CPU
		{76F66784-4D5A-4C15-ADAE-FD0E4BDA7558}.Debug|Any CPU.Build.0 = Debug|Any CPU
		{76F66784-4D5A-4C15-ADAE-FD0E4BDA7558}.Release|Any CPU.ActiveCfg = Release|Any CPU
		{76F66784-4D5A-4C15-ADAE-FD0E4BDA7558}.Release|Any CPU.Build.0 = Release|Any CPU
		{17FACA85-1767-4541-ABA5-D5F6B2847D23}.Debug|Any CPU.ActiveCfg = Debug|Any CPU
		{17FACA85-1767-4541-ABA5-D5F6B2847D23}.Debug|Any CPU.Build.0 = Debug|Any CPU
		{17FACA85-1767-4541-ABA5-D5F6B2847D23}.Release|Any CPU.ActiveCfg = Release|Any CPU
		{17FACA85-1767-4541-ABA5-D5F6B2847D23}.Release|Any CPU.Build.0 = Release|Any CPU
		{A8221087-DF6A-4792-A318-77ADD1C4427E}.Debug|Any CPU.ActiveCfg = Debug|Any CPU
		{A8221087-DF6A-4792-A318-77ADD1C4427E}.Debug|Any CPU.Build.0 = Debug|Any CPU
		{A8221087-DF6A-4792-A318-77ADD1C4427E}.Release|Any CPU.ActiveCfg = Release|Any CPU
		{A8221087-DF6A-4792-A318-77ADD1C4427E}.Release|Any CPU.Build.0 = Release|Any CPU
		{8EFBFD00-9E4A-4BDE-BA2B-B080F902877E}.Debug|Any CPU.ActiveCfg = Debug|Any CPU
		{8EFBFD00-9E4A-4BDE-BA2B-B080F902877E}.Debug|Any CPU.Build.0 = Debug|Any CPU
		{8EFBFD00-9E4A-4BDE-BA2B-B080F902877E}.Release|Any CPU.ActiveCfg = Release|Any CPU
		{8EFBFD00-9E4A-4BDE-BA2B-B080F902877E}.Release|Any CPU.Build.0 = Release|Any CPU
		{61FD8703-A065-4F6C-AA2E-9A58F7EDAF9A}.Debug|Any CPU.ActiveCfg = Debug|Any CPU
		{61FD8703-A065-4F6C-AA2E-9A58F7EDAF9A}.Debug|Any CPU.Build.0 = Debug|Any CPU
		{61FD8703-A065-4F6C-AA2E-9A58F7EDAF9A}.Release|Any CPU.ActiveCfg = Release|Any CPU
		{61FD8703-A065-4F6C-AA2E-9A58F7EDAF9A}.Release|Any CPU.Build.0 = Release|Any CPU
		{35B74BE8-E381-41B7-97AE-77A228F256CB}.Debug|Any CPU.ActiveCfg = Debug|Any CPU
		{35B74BE8-E381-41B7-97AE-77A228F256CB}.Debug|Any CPU.Build.0 = Debug|Any CPU
		{35B74BE8-E381-41B7-97AE-77A228F256CB}.Release|Any CPU.ActiveCfg = Release|Any CPU
		{35B74BE8-E381-41B7-97AE-77A228F256CB}.Release|Any CPU.Build.0 = Release|Any CPU
		{56CE0995-3947-4619-B075-08800FDF6207}.Debug|Any CPU.ActiveCfg = Debug|Any CPU
		{56CE0995-3947-4619-B075-08800FDF6207}.Debug|Any CPU.Build.0 = Debug|Any CPU
		{56CE0995-3947-4619-B075-08800FDF6207}.Release|Any CPU.ActiveCfg = Release|Any CPU
		{56CE0995-3947-4619-B075-08800FDF6207}.Release|Any CPU.Build.0 = Release|Any CPU
		{93EE5DF7-3442-49E2-BC9C-5F4EE87C20A5}.Debug|Any CPU.ActiveCfg = Debug|Any CPU
		{93EE5DF7-3442-49E2-BC9C-5F4EE87C20A5}.Debug|Any CPU.Build.0 = Debug|Any CPU
		{93EE5DF7-3442-49E2-BC9C-5F4EE87C20A5}.Release|Any CPU.ActiveCfg = Release|Any CPU
		{93EE5DF7-3442-49E2-BC9C-5F4EE87C20A5}.Release|Any CPU.Build.0 = Release|Any CPU
		{CB40300F-76B7-4413-BC2E-1522FB3DC7D6}.Debug|Any CPU.ActiveCfg = Debug|Any CPU
		{CB40300F-76B7-4413-BC2E-1522FB3DC7D6}.Debug|Any CPU.Build.0 = Debug|Any CPU
		{CB40300F-76B7-4413-BC2E-1522FB3DC7D6}.Release|Any CPU.ActiveCfg = Release|Any CPU
		{CB40300F-76B7-4413-BC2E-1522FB3DC7D6}.Release|Any CPU.Build.0 = Release|Any CPU
		{2CE22BAE-A9AD-4ED5-9A5E-606E470BEADD}.Debug|Any CPU.ActiveCfg = Debug|Any CPU
		{2CE22BAE-A9AD-4ED5-9A5E-606E470BEADD}.Debug|Any CPU.Build.0 = Debug|Any CPU
		{2CE22BAE-A9AD-4ED5-9A5E-606E470BEADD}.Release|Any CPU.ActiveCfg = Release|Any CPU
		{2CE22BAE-A9AD-4ED5-9A5E-606E470BEADD}.Release|Any CPU.Build.0 = Release|Any CPU
		{11CE0EE4-C0B2-4878-863D-07A92882C97A}.Debug|Any CPU.ActiveCfg = Debug|Any CPU
		{11CE0EE4-C0B2-4878-863D-07A92882C97A}.Debug|Any CPU.Build.0 = Debug|Any CPU
		{11CE0EE4-C0B2-4878-863D-07A92882C97A}.Release|Any CPU.ActiveCfg = Release|Any CPU
		{11CE0EE4-C0B2-4878-863D-07A92882C97A}.Release|Any CPU.Build.0 = Release|Any CPU
		{F84CBDB9-5136-4C72-928B-717E9C9B3B7E}.Debug|Any CPU.ActiveCfg = Debug|Any CPU
		{F84CBDB9-5136-4C72-928B-717E9C9B3B7E}.Debug|Any CPU.Build.0 = Debug|Any CPU
		{F84CBDB9-5136-4C72-928B-717E9C9B3B7E}.Release|Any CPU.ActiveCfg = Release|Any CPU
		{F84CBDB9-5136-4C72-928B-717E9C9B3B7E}.Release|Any CPU.Build.0 = Release|Any CPU
		{9EA7778B-E5FA-4959-B740-51A2EAB63A83}.Debug|Any CPU.ActiveCfg = Debug|Any CPU
		{9EA7778B-E5FA-4959-B740-51A2EAB63A83}.Debug|Any CPU.Build.0 = Debug|Any CPU
		{9EA7778B-E5FA-4959-B740-51A2EAB63A83}.Release|Any CPU.ActiveCfg = Release|Any CPU
		{9EA7778B-E5FA-4959-B740-51A2EAB63A83}.Release|Any CPU.Build.0 = Release|Any CPU
		{E58A04E1-589C-4933-B613-60ED2C2EA1FA}.Debug|Any CPU.ActiveCfg = Debug|Any CPU
		{E58A04E1-589C-4933-B613-60ED2C2EA1FA}.Debug|Any CPU.Build.0 = Debug|Any CPU
		{E58A04E1-589C-4933-B613-60ED2C2EA1FA}.Release|Any CPU.ActiveCfg = Release|Any CPU
		{E58A04E1-589C-4933-B613-60ED2C2EA1FA}.Release|Any CPU.Build.0 = Release|Any CPU
		{F349FCFE-4ED6-4218-8C33-CD78C64EC8CA}.Debug|Any CPU.ActiveCfg = Debug|Any CPU
		{F349FCFE-4ED6-4218-8C33-CD78C64EC8CA}.Debug|Any CPU.Build.0 = Debug|Any CPU
		{F349FCFE-4ED6-4218-8C33-CD78C64EC8CA}.Release|Any CPU.ActiveCfg = Release|Any CPU
		{F349FCFE-4ED6-4218-8C33-CD78C64EC8CA}.Release|Any CPU.Build.0 = Release|Any CPU
		{5248DA09-C0FD-48A3-A086-6D04FCB14FBF}.Debug|Any CPU.ActiveCfg = Debug|Any CPU
		{5248DA09-C0FD-48A3-A086-6D04FCB14FBF}.Debug|Any CPU.Build.0 = Debug|Any CPU
		{5248DA09-C0FD-48A3-A086-6D04FCB14FBF}.Release|Any CPU.ActiveCfg = Release|Any CPU
		{5248DA09-C0FD-48A3-A086-6D04FCB14FBF}.Release|Any CPU.Build.0 = Release|Any CPU
		{97959223-540C-4DBB-B827-65CE93579CB8}.Debug|Any CPU.ActiveCfg = Debug|Any CPU
		{97959223-540C-4DBB-B827-65CE93579CB8}.Debug|Any CPU.Build.0 = Debug|Any CPU
		{97959223-540C-4DBB-B827-65CE93579CB8}.Release|Any CPU.ActiveCfg = Release|Any CPU
		{97959223-540C-4DBB-B827-65CE93579CB8}.Release|Any CPU.Build.0 = Release|Any CPU
		{F842CC73-4EED-4673-9715-3D2696BC6BEC}.Debug|Any CPU.ActiveCfg = Debug|Any CPU
		{F842CC73-4EED-4673-9715-3D2696BC6BEC}.Debug|Any CPU.Build.0 = Debug|Any CPU
		{F842CC73-4EED-4673-9715-3D2696BC6BEC}.Release|Any CPU.ActiveCfg = Release|Any CPU
		{F842CC73-4EED-4673-9715-3D2696BC6BEC}.Release|Any CPU.Build.0 = Release|Any CPU
		{BAD68C03-4E6F-4BBB-B5A4-19878BB4227C}.Debug|Any CPU.ActiveCfg = Debug|Any CPU
		{BAD68C03-4E6F-4BBB-B5A4-19878BB4227C}.Debug|Any CPU.Build.0 = Debug|Any CPU
		{BAD68C03-4E6F-4BBB-B5A4-19878BB4227C}.Release|Any CPU.ActiveCfg = Release|Any CPU
		{BAD68C03-4E6F-4BBB-B5A4-19878BB4227C}.Release|Any CPU.Build.0 = Release|Any CPU
		{A0D9F78F-FA71-4EED-9C92-2CBB10DCBD76}.Debug|Any CPU.ActiveCfg = Debug|Any CPU
		{A0D9F78F-FA71-4EED-9C92-2CBB10DCBD76}.Debug|Any CPU.Build.0 = Debug|Any CPU
		{A0D9F78F-FA71-4EED-9C92-2CBB10DCBD76}.Release|Any CPU.ActiveCfg = Release|Any CPU
		{A0D9F78F-FA71-4EED-9C92-2CBB10DCBD76}.Release|Any CPU.Build.0 = Release|Any CPU
	EndGlobalSection
	GlobalSection(SolutionProperties) = preSolution
		HideSolutionNode = FALSE
	EndGlobalSection
	GlobalSection(NestedProjects) = preSolution
		{421722D4-B183-4470-9E5E-E5D6994FB750} = {2006B6D6-B75B-4910-B168-F59F16822739}
		{0E4C625A-BECE-4B33-B8BE-436D915407D8} = {2006B6D6-B75B-4910-B168-F59F16822739}
		{D2CCA768-4BE7-4F3E-8013-3E4DCD9390B2} = {2006B6D6-B75B-4910-B168-F59F16822739}
		{7096B800-B253-4051-921D-723D6CDB9116} = {0A857946-CC48-49EB-8E67-107B98053DED}
		{7A8A147F-6B7F-44FF-853A-C776DF970176} = {0A857946-CC48-49EB-8E67-107B98053DED}
		{33DE521D-FC0F-4200-9961-CDA9636E0EF7} = {0A857946-CC48-49EB-8E67-107B98053DED}
		{2634D020-7EF3-4229-8150-9BFBCDC70B78} = {3E9A59FB-E8A5-416F-A3E4-FDF8DF703C65}
		{CBAAB76C-F9A5-4131-AF75-98D6C03E99A7} = {3E9A59FB-E8A5-416F-A3E4-FDF8DF703C65}
		{50D58E82-2B5F-4370-9A60-6C7228FCBFA0} = {3E9A59FB-E8A5-416F-A3E4-FDF8DF703C65}
		{2006B6D6-B75B-4910-B168-F59F16822739} = {3E9A59FB-E8A5-416F-A3E4-FDF8DF703C65}
		{CE5F1AB7-F18F-4DDC-B042-C2A8D2A7EEC4} = {3E9A59FB-E8A5-416F-A3E4-FDF8DF703C65}
		{9BD81EEE-15EF-40AC-9013-99A72378E1D8} = {3E9A59FB-E8A5-416F-A3E4-FDF8DF703C65}
		{15CE5C6D-4453-4EA2-BD2A-9B2A60BFC9A7} = {3E9A59FB-E8A5-416F-A3E4-FDF8DF703C65}
		{0A857946-CC48-49EB-8E67-107B98053DED} = {037FE616-C76C-4ED0-8AFF-ECAEA834E4EA}
		{F2A27F40-1D12-40F0-A56E-18523FAFD580} = {CBAAB76C-F9A5-4131-AF75-98D6C03E99A7}
		{B2D12094-4C32-4BCE-B09D-8E8723027689} = {CBAAB76C-F9A5-4131-AF75-98D6C03E99A7}
		{8CB4C780-9B78-4AFA-98DF-D64B8AD982CC} = {CBAAB76C-F9A5-4131-AF75-98D6C03E99A7}
		{6DA186B9-BE84-4CA0-A97E-4FBA1837DB70} = {CBAAB76C-F9A5-4131-AF75-98D6C03E99A7}
		{91D33F60-0792-419C-9388-3E0631756DF8} = {9BD81EEE-15EF-40AC-9013-99A72378E1D8}
		{D72204CE-C805-4B5B-B715-C7286F1D6379} = {9BD81EEE-15EF-40AC-9013-99A72378E1D8}
		{95400281-DA7D-4F36-9A69-059A159C445F} = {9BD81EEE-15EF-40AC-9013-99A72378E1D8}
		{0A4148AA-D247-45CF-83D6-64388DDDCD3B} = {9BD81EEE-15EF-40AC-9013-99A72378E1D8}
		{B0AD05DA-4DB0-4F8A-8C33-9C0777813716} = {2634D020-7EF3-4229-8150-9BFBCDC70B78}
		{AE1C54CB-E46D-492B-AD3E-782189F34681} = {2634D020-7EF3-4229-8150-9BFBCDC70B78}
		{368BD4FA-AC32-4E55-BE84-69C248FBF21A} = {2634D020-7EF3-4229-8150-9BFBCDC70B78}
		{15C3B272-09B9-4CB8-8124-0868B0F28CBA} = {2634D020-7EF3-4229-8150-9BFBCDC70B78}
		{9BFA17CD-400F-48F2-9CAE-79FD32AC9306} = {25D27EF3-5420-4826-A584-9694DF9B8C3D}
		{25D27EF3-5420-4826-A584-9694DF9B8C3D} = {037FE616-C76C-4ED0-8AFF-ECAEA834E4EA}
		{42DD6895-90CC-472E-A212-BBCCFE68B6DB} = {50D58E82-2B5F-4370-9A60-6C7228FCBFA0}
		{19FAD6E7-594A-4C51-9BE1-73587DE68136} = {50D58E82-2B5F-4370-9A60-6C7228FCBFA0}
		{341057A1-3F92-4814-A72D-8AFFFE3209DB} = {50D58E82-2B5F-4370-9A60-6C7228FCBFA0}
		{B2FF88D4-8375-4DF4-9CD1-30E3F376EC9D} = {50D58E82-2B5F-4370-9A60-6C7228FCBFA0}
		{C2495C03-4A31-436E-A4F7-E299CA76FD6C} = {CE5F1AB7-F18F-4DDC-B042-C2A8D2A7EEC4}
		{76F66784-4D5A-4C15-ADAE-FD0E4BDA7558} = {CE5F1AB7-F18F-4DDC-B042-C2A8D2A7EEC4}
		{17FACA85-1767-4541-ABA5-D5F6B2847D23} = {CE5F1AB7-F18F-4DDC-B042-C2A8D2A7EEC4}
		{A8221087-DF6A-4792-A318-77ADD1C4427E} = {CE5F1AB7-F18F-4DDC-B042-C2A8D2A7EEC4}
		{D72E8596-E06F-4B20-9657-B84E36732DA6} = {037FE616-C76C-4ED0-8AFF-ECAEA834E4EA}
		{8EFBFD00-9E4A-4BDE-BA2B-B080F902877E} = {D72E8596-E06F-4B20-9657-B84E36732DA6}
		{DDF02C35-A40A-401B-A48E-22469ACEA322} = {037FE616-C76C-4ED0-8AFF-ECAEA834E4EA}
		{61FD8703-A065-4F6C-AA2E-9A58F7EDAF9A} = {DDF02C35-A40A-401B-A48E-22469ACEA322}
		{35B74BE8-E381-41B7-97AE-77A228F256CB} = {D72E8596-E06F-4B20-9657-B84E36732DA6}
		{56CE0995-3947-4619-B075-08800FDF6207} = {DDF02C35-A40A-401B-A48E-22469ACEA322}
		{93EE5DF7-3442-49E2-BC9C-5F4EE87C20A5} = {DDF02C35-A40A-401B-A48E-22469ACEA322}
		{CB40300F-76B7-4413-BC2E-1522FB3DC7D6} = {D72E8596-E06F-4B20-9657-B84E36732DA6}
		{2CE22BAE-A9AD-4ED5-9A5E-606E470BEADD} = {15CE5C6D-4453-4EA2-BD2A-9B2A60BFC9A7}
		{11CE0EE4-C0B2-4878-863D-07A92882C97A} = {15CE5C6D-4453-4EA2-BD2A-9B2A60BFC9A7}
		{F84CBDB9-5136-4C72-928B-717E9C9B3B7E} = {15CE5C6D-4453-4EA2-BD2A-9B2A60BFC9A7}
		{9EA7778B-E5FA-4959-B740-51A2EAB63A83} = {15CE5C6D-4453-4EA2-BD2A-9B2A60BFC9A7}
		{D418397E-6C87-4CE9-906A-ADEBD7307AC3} = {037FE616-C76C-4ED0-8AFF-ECAEA834E4EA}
		{E58A04E1-589C-4933-B613-60ED2C2EA1FA} = {D418397E-6C87-4CE9-906A-ADEBD7307AC3}
		{F349FCFE-4ED6-4218-8C33-CD78C64EC8CA} = {2006B6D6-B75B-4910-B168-F59F16822739}
		{E4F396CC-218D-4F4E-9ACB-5D8485B03501} = {3E9A59FB-E8A5-416F-A3E4-FDF8DF703C65}
		{B5D11560-FB38-4D5F-9E80-56D6632E5A8B} = {3E9A59FB-E8A5-416F-A3E4-FDF8DF703C65}
		{5248DA09-C0FD-48A3-A086-6D04FCB14FBF} = {B5D11560-FB38-4D5F-9E80-56D6632E5A8B}
		{97959223-540C-4DBB-B827-65CE93579CB8} = {B5D11560-FB38-4D5F-9E80-56D6632E5A8B}
		{C85D6514-11D1-493C-BB46-1BA370BBE87E} = {037FE616-C76C-4ED0-8AFF-ECAEA834E4EA}
		{F842CC73-4EED-4673-9715-3D2696BC6BEC} = {C85D6514-11D1-493C-BB46-1BA370BBE87E}
		{BAD68C03-4E6F-4BBB-B5A4-19878BB4227C} = {E4F396CC-218D-4F4E-9ACB-5D8485B03501}
		{A0D9F78F-FA71-4EED-9C92-2CBB10DCBD76} = {E4F396CC-218D-4F4E-9ACB-5D8485B03501}
	EndGlobalSection
	GlobalSection(ExtensibilityGlobals) = postSolution
		SolutionGuid = {65834F78-0330-46CA-A056-3269495743AD}
	EndGlobalSection
EndGlobal
