
Microsoft Visual Studio Solution File, Format Version 12.00
# Visual Studio Version 17
VisualStudioVersion = 17.8.34525.116
MinimumVisualStudioVersion = 10.0.40219.1
Project("{9A19103F-16F7-4668-BE54-9A1E7A4F7556}") = "AuthService.Domain", "src\AuthService\AuthService.Domain\AuthService.Domain.csproj", "{421722D4-B183-4470-9E5E-E5D6994FB750}"
EndProject
Project("{9A19103F-16F7-4668-BE54-9A1E7A4F7556}") = "AuthService.Application", "src\AuthService\AuthService.Application\AuthService.Application.csproj", "{0E4C625A-BECE-4B33-B8BE-436D915407D8}"
EndProject
Project("{9A19103F-16F7-4668-BE54-9A1E7A4F7556}") = "AuthService.Infrastructure", "src\AuthService\AuthService.Infrastructure\AuthService.Infrastructure.csproj", "{D2CCA768-4BE7-4F3E-8013-3E4DCD9390B2}"
EndProject
Project("{9A19103F-16F7-4668-BE54-9A1E7A4F7556}") = "AuthService.Infrastructure.UnitTests", "tests\AuthService\AuthService.Infrastructure.UnitTests\AuthService.Infrastructure.UnitTests.csproj", "{7096B800-B253-4051-921D-723D6CDB9116}"
EndProject
Project("{2150E333-8FDC-42A3-9474-1A3956D46DE8}") = "src", "src", "{3E9A59FB-E8A5-416F-A3E4-FDF8DF703C65}"
EndProject
Project("{2150E333-8FDC-42A3-9474-1A3956D46DE8}") = "tests", "tests", "{037FE616-C76C-4ED0-8AFF-ECAEA834E4EA}"
EndProject
Project("{9A19103F-16F7-4668-BE54-9A1E7A4F7556}") = "AuthService.API", "src\AuthService\AuthService.API\AuthService.API.csproj", "{9C57905C-C7EE-469B-AE5E-98E16ED407F7}"
EndProject
Project("{9A19103F-16F7-4668-BE54-9A1E7A4F7556}") = "WebClient.UI", "src\WebClient\WebClient.UI\WebClient.UI.csproj", "{1B85DE90-1C69-4741-A550-3AD252756E43}"
EndProject
Project("{9A19103F-16F7-4668-BE54-9A1E7A4F7556}") = "AuthService.Application.UnitTests", "tests\AuthService\AuthService.Application.UnitTests\AuthService.Application.UnitTests.csproj", "{7A8A147F-6B7F-44FF-853A-C776DF970176}"
EndProject
Project("{9A19103F-16F7-4668-BE54-9A1E7A4F7556}") = "AuthService.Infrastructure.IntegrationTests", "tests\AuthService\AuthService.Infrastructure.IntegrationTests\AuthService.Infrastructure.IntegrationTests.csproj", "{33DE521D-FC0F-4200-9961-CDA9636E0EF7}"
EndProject
Project("{2150E333-8FDC-42A3-9474-1A3956D46DE8}") = "StatisticsCollector", "StatisticsCollector", "{2634D020-7EF3-4229-8150-9BFBCDC70B78}"
EndProject
Project("{2150E333-8FDC-42A3-9474-1A3956D46DE8}") = "NotificationProvider", "NotificationProvider", "{CBAAB76C-F9A5-4131-AF75-98D6C03E99A7}"
EndProject
Project("{2150E333-8FDC-42A3-9474-1A3956D46DE8}") = "ArticleManager", "ArticleManager", "{50D58E82-2B5F-4370-9A60-6C7228FCBFA0}"
EndProject
Project("{2150E333-8FDC-42A3-9474-1A3956D46DE8}") = "AuthService", "AuthService", "{2006B6D6-B75B-4910-B168-F59F16822739}"
EndProject
Project("{2150E333-8FDC-42A3-9474-1A3956D46DE8}") = "PostManager", "PostManager", "{CE5F1AB7-F18F-4DDC-B042-C2A8D2A7EEC4}"
EndProject
Project("{2150E333-8FDC-42A3-9474-1A3956D46DE8}") = "EventBus", "EventBus", "{9BD81EEE-15EF-40AC-9013-99A72378E1D8}"
EndProject
Project("{2150E333-8FDC-42A3-9474-1A3956D46DE8}") = "ApiGateway", "ApiGateway", "{15CE5C6D-4453-4EA2-BD2A-9B2A60BFC9A7}"
EndProject
Project("{2150E333-8FDC-42A3-9474-1A3956D46DE8}") = "AuthService", "AuthService", "{0A857946-CC48-49EB-8E67-107B98053DED}"
EndProject
Project("{9A19103F-16F7-4668-BE54-9A1E7A4F7556}") = "NotificationProvider.API", "src\NotificationProvider\NotificationProvider.API\NotificationProvider.API.csproj", "{F2A27F40-1D12-40F0-A56E-18523FAFD580}"
EndProject
Project("{9A19103F-16F7-4668-BE54-9A1E7A4F7556}") = "NotificationProvider.Application", "src\NotificationProvider\NotificationProvider.Application\NotificationProvider.Application.csproj", "{B2D12094-4C32-4BCE-B09D-8E8723027689}"
EndProject
Project("{9A19103F-16F7-4668-BE54-9A1E7A4F7556}") = "NotificationProvider.Domain", "src\NotificationProvider\NotificationProvider.Domain\NotificationProvider.Domain.csproj", "{8CB4C780-9B78-4AFA-98DF-D64B8AD982CC}"
EndProject
Project("{9A19103F-16F7-4668-BE54-9A1E7A4F7556}") = "NotificationProvider.Infrastructure", "src\NotificationProvider\NotificationProvider.Infrastructure\NotificationProvider.Infrastructure.csproj", "{6DA186B9-BE84-4CA0-A97E-4FBA1837DB70}"
EndProject
Project("{2150E333-8FDC-42A3-9474-1A3956D46DE8}") = "WebClient", "WebClient", "{F4A5F7DA-D3A4-47D3-957D-890BDA3566FD}"
EndProject
Project("{9A19103F-16F7-4668-BE54-9A1E7A4F7556}") = "EventBus.Domain", "src\EventBus\EventBus.Domain\EventBus.Domain.csproj", "{91D33F60-0792-419C-9388-3E0631756DF8}"
EndProject
Project("{9A19103F-16F7-4668-BE54-9A1E7A4F7556}") = "EventBus.Infrastructure", "src\EventBus\EventBus.Infrastructure\EventBus.Infrastructure.csproj", "{D72204CE-C805-4B5B-B715-C7286F1D6379}"
EndProject
Project("{9A19103F-16F7-4668-BE54-9A1E7A4F7556}") = "EventBus.Application", "src\EventBus\EventBus.Application\EventBus.Application.csproj", "{95400281-DA7D-4F36-9A69-059A159C445F}"
EndProject
Project("{9A19103F-16F7-4668-BE54-9A1E7A4F7556}") = "EventBus.API", "src\EventBus\EventBus.API\EventBus.API.csproj", "{0A4148AA-D247-45CF-83D6-64388DDDCD3B}"
EndProject
Project("{FAE04EC0-301F-11D3-BF4B-00C04F79EFBC}") = "StatisticsCollector.API", "src\StatisticsCollector\StatisticsCollector.API\StatisticsCollector.API.csproj", "{B0AD05DA-4DB0-4F8A-8C33-9C0777813716}"
EndProject
Project("{FAE04EC0-301F-11D3-BF4B-00C04F79EFBC}") = "StatisticsCollector.Infrastructure", "src\StatisticsCollector\StatisticsCollector.Infrastructure\StatisticsCollector.Infrastructure.csproj", "{AE1C54CB-E46D-492B-AD3E-782189F34681}"
EndProject
Project("{FAE04EC0-301F-11D3-BF4B-00C04F79EFBC}") = "StatisticsCollector.Domain", "src\StatisticsCollector\StatisticsCollector.Domain\StatisticsCollector.Domain.csproj", "{368BD4FA-AC32-4E55-BE84-69C248FBF21A}"
EndProject
Project("{FAE04EC0-301F-11D3-BF4B-00C04F79EFBC}") = "StatisticsCollector.Application", "src\StatisticsCollector\StatisticsCollector.Application\StatisticsCollector.Application.csproj", "{15C3B272-09B9-4CB8-8124-0868B0F28CBA}"
EndProject
Global
	GlobalSection(SolutionConfigurationPlatforms) = preSolution
		Debug|Any CPU = Debug|Any CPU
		Release|Any CPU = Release|Any CPU
	EndGlobalSection
	GlobalSection(ProjectConfigurationPlatforms) = postSolution
		{421722D4-B183-4470-9E5E-E5D6994FB750}.Debug|Any CPU.ActiveCfg = Debug|Any CPU
		{421722D4-B183-4470-9E5E-E5D6994FB750}.Debug|Any CPU.Build.0 = Debug|Any CPU
		{421722D4-B183-4470-9E5E-E5D6994FB750}.Release|Any CPU.ActiveCfg = Release|Any CPU
		{421722D4-B183-4470-9E5E-E5D6994FB750}.Release|Any CPU.Build.0 = Release|Any CPU
		{0E4C625A-BECE-4B33-B8BE-436D915407D8}.Debug|Any CPU.ActiveCfg = Debug|Any CPU
		{0E4C625A-BECE-4B33-B8BE-436D915407D8}.Debug|Any CPU.Build.0 = Debug|Any CPU
		{0E4C625A-BECE-4B33-B8BE-436D915407D8}.Release|Any CPU.ActiveCfg = Release|Any CPU
		{0E4C625A-BECE-4B33-B8BE-436D915407D8}.Release|Any CPU.Build.0 = Release|Any CPU
		{D2CCA768-4BE7-4F3E-8013-3E4DCD9390B2}.Debug|Any CPU.ActiveCfg = Debug|Any CPU
		{D2CCA768-4BE7-4F3E-8013-3E4DCD9390B2}.Debug|Any CPU.Build.0 = Debug|Any CPU
		{D2CCA768-4BE7-4F3E-8013-3E4DCD9390B2}.Release|Any CPU.ActiveCfg = Release|Any CPU
		{D2CCA768-4BE7-4F3E-8013-3E4DCD9390B2}.Release|Any CPU.Build.0 = Release|Any CPU
		{7096B800-B253-4051-921D-723D6CDB9116}.Debug|Any CPU.ActiveCfg = Debug|Any CPU
		{7096B800-B253-4051-921D-723D6CDB9116}.Debug|Any CPU.Build.0 = Debug|Any CPU
		{7096B800-B253-4051-921D-723D6CDB9116}.Release|Any CPU.ActiveCfg = Release|Any CPU
		{7096B800-B253-4051-921D-723D6CDB9116}.Release|Any CPU.Build.0 = Release|Any CPU
		{9C57905C-C7EE-469B-AE5E-98E16ED407F7}.Debug|Any CPU.ActiveCfg = Debug|Any CPU
		{9C57905C-C7EE-469B-AE5E-98E16ED407F7}.Debug|Any CPU.Build.0 = Debug|Any CPU
		{9C57905C-C7EE-469B-AE5E-98E16ED407F7}.Release|Any CPU.ActiveCfg = Release|Any CPU
		{9C57905C-C7EE-469B-AE5E-98E16ED407F7}.Release|Any CPU.Build.0 = Release|Any CPU
		{1B85DE90-1C69-4741-A550-3AD252756E43}.Debug|Any CPU.ActiveCfg = Debug|Any CPU
		{1B85DE90-1C69-4741-A550-3AD252756E43}.Debug|Any CPU.Build.0 = Debug|Any CPU
		{1B85DE90-1C69-4741-A550-3AD252756E43}.Release|Any CPU.ActiveCfg = Release|Any CPU
		{1B85DE90-1C69-4741-A550-3AD252756E43}.Release|Any CPU.Build.0 = Release|Any CPU
		{7A8A147F-6B7F-44FF-853A-C776DF970176}.Debug|Any CPU.ActiveCfg = Debug|Any CPU
		{7A8A147F-6B7F-44FF-853A-C776DF970176}.Debug|Any CPU.Build.0 = Debug|Any CPU
		{7A8A147F-6B7F-44FF-853A-C776DF970176}.Release|Any CPU.ActiveCfg = Release|Any CPU
		{7A8A147F-6B7F-44FF-853A-C776DF970176}.Release|Any CPU.Build.0 = Release|Any CPU
		{33DE521D-FC0F-4200-9961-CDA9636E0EF7}.Debug|Any CPU.ActiveCfg = Debug|Any CPU
		{33DE521D-FC0F-4200-9961-CDA9636E0EF7}.Debug|Any CPU.Build.0 = Debug|Any CPU
		{33DE521D-FC0F-4200-9961-CDA9636E0EF7}.Release|Any CPU.ActiveCfg = Release|Any CPU
		{33DE521D-FC0F-4200-9961-CDA9636E0EF7}.Release|Any CPU.Build.0 = Release|Any CPU
		{F2A27F40-1D12-40F0-A56E-18523FAFD580}.Debug|Any CPU.ActiveCfg = Debug|Any CPU
		{F2A27F40-1D12-40F0-A56E-18523FAFD580}.Debug|Any CPU.Build.0 = Debug|Any CPU
		{F2A27F40-1D12-40F0-A56E-18523FAFD580}.Release|Any CPU.ActiveCfg = Release|Any CPU
		{F2A27F40-1D12-40F0-A56E-18523FAFD580}.Release|Any CPU.Build.0 = Release|Any CPU
		{B2D12094-4C32-4BCE-B09D-8E8723027689}.Debug|Any CPU.ActiveCfg = Debug|Any CPU
		{B2D12094-4C32-4BCE-B09D-8E8723027689}.Debug|Any CPU.Build.0 = Debug|Any CPU
		{B2D12094-4C32-4BCE-B09D-8E8723027689}.Release|Any CPU.ActiveCfg = Release|Any CPU
		{B2D12094-4C32-4BCE-B09D-8E8723027689}.Release|Any CPU.Build.0 = Release|Any CPU
		{8CB4C780-9B78-4AFA-98DF-D64B8AD982CC}.Debug|Any CPU.ActiveCfg = Debug|Any CPU
		{8CB4C780-9B78-4AFA-98DF-D64B8AD982CC}.Debug|Any CPU.Build.0 = Debug|Any CPU
		{8CB4C780-9B78-4AFA-98DF-D64B8AD982CC}.Release|Any CPU.ActiveCfg = Release|Any CPU
		{8CB4C780-9B78-4AFA-98DF-D64B8AD982CC}.Release|Any CPU.Build.0 = Release|Any CPU
		{6DA186B9-BE84-4CA0-A97E-4FBA1837DB70}.Debug|Any CPU.ActiveCfg = Debug|Any CPU
		{6DA186B9-BE84-4CA0-A97E-4FBA1837DB70}.Debug|Any CPU.Build.0 = Debug|Any CPU
		{6DA186B9-BE84-4CA0-A97E-4FBA1837DB70}.Release|Any CPU.ActiveCfg = Release|Any CPU
		{6DA186B9-BE84-4CA0-A97E-4FBA1837DB70}.Release|Any CPU.Build.0 = Release|Any CPU
		{91D33F60-0792-419C-9388-3E0631756DF8}.Debug|Any CPU.ActiveCfg = Debug|Any CPU
		{91D33F60-0792-419C-9388-3E0631756DF8}.Debug|Any CPU.Build.0 = Debug|Any CPU
		{91D33F60-0792-419C-9388-3E0631756DF8}.Release|Any CPU.ActiveCfg = Release|Any CPU
		{91D33F60-0792-419C-9388-3E0631756DF8}.Release|Any CPU.Build.0 = Release|Any CPU
		{D72204CE-C805-4B5B-B715-C7286F1D6379}.Debug|Any CPU.ActiveCfg = Debug|Any CPU
		{D72204CE-C805-4B5B-B715-C7286F1D6379}.Debug|Any CPU.Build.0 = Debug|Any CPU
		{D72204CE-C805-4B5B-B715-C7286F1D6379}.Release|Any CPU.ActiveCfg = Release|Any CPU
		{D72204CE-C805-4B5B-B715-C7286F1D6379}.Release|Any CPU.Build.0 = Release|Any CPU
		{95400281-DA7D-4F36-9A69-059A159C445F}.Debug|Any CPU.ActiveCfg = Debug|Any CPU
		{95400281-DA7D-4F36-9A69-059A159C445F}.Debug|Any CPU.Build.0 = Debug|Any CPU
		{95400281-DA7D-4F36-9A69-059A159C445F}.Release|Any CPU.ActiveCfg = Release|Any CPU
		{95400281-DA7D-4F36-9A69-059A159C445F}.Release|Any CPU.Build.0 = Release|Any CPU
		{0A4148AA-D247-45CF-83D6-64388DDDCD3B}.Debug|Any CPU.ActiveCfg = Debug|Any CPU
		{0A4148AA-D247-45CF-83D6-64388DDDCD3B}.Debug|Any CPU.Build.0 = Debug|Any CPU
		{0A4148AA-D247-45CF-83D6-64388DDDCD3B}.Release|Any CPU.ActiveCfg = Release|Any CPU
		{0A4148AA-D247-45CF-83D6-64388DDDCD3B}.Release|Any CPU.Build.0 = Release|Any CPU
		{B0AD05DA-4DB0-4F8A-8C33-9C0777813716}.Debug|Any CPU.ActiveCfg = Debug|Any CPU
		{B0AD05DA-4DB0-4F8A-8C33-9C0777813716}.Debug|Any CPU.Build.0 = Debug|Any CPU
		{B0AD05DA-4DB0-4F8A-8C33-9C0777813716}.Release|Any CPU.ActiveCfg = Release|Any CPU
		{B0AD05DA-4DB0-4F8A-8C33-9C0777813716}.Release|Any CPU.Build.0 = Release|Any CPU
		{AE1C54CB-E46D-492B-AD3E-782189F34681}.Debug|Any CPU.ActiveCfg = Debug|Any CPU
		{AE1C54CB-E46D-492B-AD3E-782189F34681}.Debug|Any CPU.Build.0 = Debug|Any CPU
		{AE1C54CB-E46D-492B-AD3E-782189F34681}.Release|Any CPU.ActiveCfg = Release|Any CPU
		{AE1C54CB-E46D-492B-AD3E-782189F34681}.Release|Any CPU.Build.0 = Release|Any CPU
		{368BD4FA-AC32-4E55-BE84-69C248FBF21A}.Debug|Any CPU.ActiveCfg = Debug|Any CPU
		{368BD4FA-AC32-4E55-BE84-69C248FBF21A}.Debug|Any CPU.Build.0 = Debug|Any CPU
		{368BD4FA-AC32-4E55-BE84-69C248FBF21A}.Release|Any CPU.ActiveCfg = Release|Any CPU
		{368BD4FA-AC32-4E55-BE84-69C248FBF21A}.Release|Any CPU.Build.0 = Release|Any CPU
		{15C3B272-09B9-4CB8-8124-0868B0F28CBA}.Debug|Any CPU.ActiveCfg = Debug|Any CPU
		{15C3B272-09B9-4CB8-8124-0868B0F28CBA}.Debug|Any CPU.Build.0 = Debug|Any CPU
		{15C3B272-09B9-4CB8-8124-0868B0F28CBA}.Release|Any CPU.ActiveCfg = Release|Any CPU
		{15C3B272-09B9-4CB8-8124-0868B0F28CBA}.Release|Any CPU.Build.0 = Release|Any CPU
	EndGlobalSection
	GlobalSection(SolutionProperties) = preSolution
		HideSolutionNode = FALSE
	EndGlobalSection
	GlobalSection(NestedProjects) = preSolution
		{421722D4-B183-4470-9E5E-E5D6994FB750} = {2006B6D6-B75B-4910-B168-F59F16822739}
		{0E4C625A-BECE-4B33-B8BE-436D915407D8} = {2006B6D6-B75B-4910-B168-F59F16822739}
		{D2CCA768-4BE7-4F3E-8013-3E4DCD9390B2} = {2006B6D6-B75B-4910-B168-F59F16822739}
		{7096B800-B253-4051-921D-723D6CDB9116} = {0A857946-CC48-49EB-8E67-107B98053DED}
		{9C57905C-C7EE-469B-AE5E-98E16ED407F7} = {2006B6D6-B75B-4910-B168-F59F16822739}
		{1B85DE90-1C69-4741-A550-3AD252756E43} = {F4A5F7DA-D3A4-47D3-957D-890BDA3566FD}
		{7A8A147F-6B7F-44FF-853A-C776DF970176} = {0A857946-CC48-49EB-8E67-107B98053DED}
		{33DE521D-FC0F-4200-9961-CDA9636E0EF7} = {0A857946-CC48-49EB-8E67-107B98053DED}
		{2634D020-7EF3-4229-8150-9BFBCDC70B78} = {3E9A59FB-E8A5-416F-A3E4-FDF8DF703C65}
		{CBAAB76C-F9A5-4131-AF75-98D6C03E99A7} = {3E9A59FB-E8A5-416F-A3E4-FDF8DF703C65}
		{50D58E82-2B5F-4370-9A60-6C7228FCBFA0} = {3E9A59FB-E8A5-416F-A3E4-FDF8DF703C65}
		{2006B6D6-B75B-4910-B168-F59F16822739} = {3E9A59FB-E8A5-416F-A3E4-FDF8DF703C65}
		{CE5F1AB7-F18F-4DDC-B042-C2A8D2A7EEC4} = {3E9A59FB-E8A5-416F-A3E4-FDF8DF703C65}
		{9BD81EEE-15EF-40AC-9013-99A72378E1D8} = {3E9A59FB-E8A5-416F-A3E4-FDF8DF703C65}
		{15CE5C6D-4453-4EA2-BD2A-9B2A60BFC9A7} = {3E9A59FB-E8A5-416F-A3E4-FDF8DF703C65}
		{0A857946-CC48-49EB-8E67-107B98053DED} = {037FE616-C76C-4ED0-8AFF-ECAEA834E4EA}
		{F2A27F40-1D12-40F0-A56E-18523FAFD580} = {CBAAB76C-F9A5-4131-AF75-98D6C03E99A7}
		{B2D12094-4C32-4BCE-B09D-8E8723027689} = {CBAAB76C-F9A5-4131-AF75-98D6C03E99A7}
		{8CB4C780-9B78-4AFA-98DF-D64B8AD982CC} = {CBAAB76C-F9A5-4131-AF75-98D6C03E99A7}
		{6DA186B9-BE84-4CA0-A97E-4FBA1837DB70} = {CBAAB76C-F9A5-4131-AF75-98D6C03E99A7}
		{F4A5F7DA-D3A4-47D3-957D-890BDA3566FD} = {3E9A59FB-E8A5-416F-A3E4-FDF8DF703C65}
		{91D33F60-0792-419C-9388-3E0631756DF8} = {9BD81EEE-15EF-40AC-9013-99A72378E1D8}
		{D72204CE-C805-4B5B-B715-C7286F1D6379} = {9BD81EEE-15EF-40AC-9013-99A72378E1D8}
		{95400281-DA7D-4F36-9A69-059A159C445F} = {9BD81EEE-15EF-40AC-9013-99A72378E1D8}
		{0A4148AA-D247-45CF-83D6-64388DDDCD3B} = {9BD81EEE-15EF-40AC-9013-99A72378E1D8}
		{B0AD05DA-4DB0-4F8A-8C33-9C0777813716} = {2634D020-7EF3-4229-8150-9BFBCDC70B78}
		{AE1C54CB-E46D-492B-AD3E-782189F34681} = {2634D020-7EF3-4229-8150-9BFBCDC70B78}
		{368BD4FA-AC32-4E55-BE84-69C248FBF21A} = {2634D020-7EF3-4229-8150-9BFBCDC70B78}
		{15C3B272-09B9-4CB8-8124-0868B0F28CBA} = {2634D020-7EF3-4229-8150-9BFBCDC70B78}
	EndGlobalSection
	GlobalSection(ExtensibilityGlobals) = postSolution
		SolutionGuid = {65834F78-0330-46CA-A056-3269495743AD}
	EndGlobalSection
EndGlobal
